{
    "_readme": [
        "This file locks the dependencies of your project to a known state",
        "Read more about it at https://getcomposer.org/doc/01-basic-usage.md#composer-lock-the-lock-file",
        "This file is @generated automatically"
    ],
    "hash": "3ddd7780800589a05a4c204f1f19f2d9",
    "packages": [
        {
            "name": "michelf/php-markdown",
            "version": "1.5.0",
            "source": {
                "type": "git",
                "url": "https://github.com/michelf/php-markdown.git",
                "reference": "e1aabe18173231ebcefc90e615565742fc1c7fd9"
            },
            "dist": {
                "type": "zip",
                "url": "https://api.github.com/repos/michelf/php-markdown/zipball/e1aabe18173231ebcefc90e615565742fc1c7fd9",
                "reference": "e1aabe18173231ebcefc90e615565742fc1c7fd9",
                "shasum": ""
            },
            "require": {
                "php": ">=5.3.0"
            },
            "type": "library",
            "extra": {
                "branch-alias": {
                    "dev-lib": "1.4.x-dev"
                }
            },
            "autoload": {
                "psr-0": {
                    "Michelf": ""
                }
            },
            "notification-url": "https://packagist.org/downloads/",
            "license": [
                "BSD-3-Clause"
            ],
            "authors": [
                {
                    "name": "John Gruber",
                    "homepage": "http://daringfireball.net/"
                },
                {
                    "name": "Michel Fortin",
                    "email": "michel.fortin@michelf.ca",
                    "homepage": "https://michelf.ca/",
                    "role": "Developer"
                }
            ],
            "description": "PHP Markdown",
            "homepage": "https://michelf.ca/projects/php-markdown/",
            "keywords": [
                "markdown"
            ],
            "time": "2015-03-01 12:03:08"
        },
        {
            "name": "potsky/pimp-my-log",
            "version": "dev-master",
            "source": {
                "type": "git",
                "url": "https://github.com/potsky/PimpMyLog.git",
                "reference": "6dee99ea12bb3b536b320f57be5991c321f3665c"
            },
            "dist": {
                "type": "zip",
                "url": "https://api.github.com/repos/potsky/PimpMyLog/zipball/6dee99ea12bb3b536b320f57be5991c321f3665c",
                "reference": "6dee99ea12bb3b536b320f57be5991c321f3665c",
                "shasum": ""
            },
            "require": {
                "php": ">=5.2.0"
            },
            "type": "project",
            "notification-url": "https://packagist.org/downloads/",
            "license": [
                "GPL-3.0+"
            ],
            "authors": [
                {
                    "name": "Potsky",
                    "email": "potsky@me.com",
                    "homepage": "http://www.potsky.com",
                    "role": "Developer"
                },
                {
                    "name": "Cassio Santos",
                    "homepage": "http://www.cassiosantos.com",
                    "role": "Translator (pt_BR)"
                }
            ],
            "description": "Log viewer for your web server",
            "homepage": "http://pimpmylog.com",
            "time": "2014-12-23 12:50:22"
        }
    ],
    "packages-dev": [],
    "aliases": [],
    "minimum-stability": "stable",
    "stability-flags": {
        "potsky/pimp-my-log": 20
    },
    "prefer-stable": false,
    "prefer-lowest": false,
    "platform": [],
    "platform-dev": []
}
